
Microsoft Visual Studio Solution File, Format Version 12.00
# Visual Studio Version 16
VisualStudioVersion = 16.0.30225.117
MinimumVisualStudioVersion = 10.0.40219.1
Project("{FAE04EC0-301F-11D3-BF4B-00C04F79EFBC}") = "MulticastPractice", "MulticastPractice\MulticastPractice.csproj", "{789EC83D-1207-4D0E-A2D5-0D3EB5BCE116}"
EndProject
Global
	GlobalSection(SolutionConfigurationPlatforms) = preSolution
		Debug|Any CPU = Debug|Any CPU
		Release|Any CPU = Release|Any CPU
	EndGlobalSection
	GlobalSection(ProjectConfigurationPlatforms) = postSolution
		{789EC83D-1207-4D0E-A2D5-0D3EB5BCE116}.Debug|Any CPU.ActiveCfg = Debug|Any CPU
		{789EC83D-1207-4D0E-A2D5-0D3EB5BCE116}.Debug|Any CPU.Build.0 = Debug|Any CPU
		{789EC83D-1207-4D0E-A2D5-0D3EB5BCE116}.Release|Any CPU.ActiveCfg = Release|Any CPU
		{789EC83D-1207-4D0E-A2D5-0D3EB5BCE116}.Release|Any CPU.Build.0 = Release|Any CPU
	EndGlobalSection
	GlobalSection(SolutionProperties) = preSolution
		HideSolutionNode = FALSE
	EndGlobalSection
	GlobalSection(ExtensibilityGlobals) = postSolution
		SolutionGuid = {41E5CA97-A091-4D79-93DC-0B00BE8FEEFA}
	EndGlobalSection
EndGlobal
